
Microsoft Visual Studio Solution File, Format Version 12.00
Project("{FAE04EC0-301F-11D3-BF4B-00C04F79EFBC}") = "SoundWave", "SoundWave.csproj", "{B02B1CE5-4555-402A-BCCB-6F9E3233B179}"
EndProject
Global
	GlobalSection(SolutionConfigurationPlatforms) = preSolution
		Debug|Any CPU = Debug|Any CPU
		Release|Any CPU = Release|Any CPU
	EndGlobalSection
	GlobalSection(ProjectConfigurationPlatforms) = postSolution
		{B02B1CE5-4555-402A-BCCB-6F9E3233B179}.Debug|Any CPU.ActiveCfg = Debug|Any CPU
		{B02B1CE5-4555-402A-BCCB-6F9E3233B179}.Debug|Any CPU.Build.0 = Debug|Any CPU
		{B02B1CE5-4555-402A-BCCB-6F9E3233B179}.Release|Any CPU.ActiveCfg = Release|Any CPU
		{B02B1CE5-4555-402A-BCCB-6F9E3233B179}.Release|Any CPU.Build.0 = Release|Any CPU
	EndGlobalSection
EndGlobal
